// !$*UTF8*$!
{
	archiveVersion = 1;
	classes = {
	};
	objectVersion = 50;
	objects = {

/* Begin PBXBuildFile section */
		F405637126CD468200716EAF /* MKPointAnnotation-ObservableObject.swift in Sources */ = {isa = PBXBuildFile; fileRef = F405637026CD468200716EAF /* MKPointAnnotation-ObservableObject.swift */; };
		F405637326CD46F500716EAF /* EditView.swift in Sources */ = {isa = PBXBuildFile; fileRef = F405637226CD46F500716EAF /* EditView.swift */; };
		F405637526CD48AB00716EAF /* Result.swift in Sources */ = {isa = PBXBuildFile; fileRef = F405637426CD48AB00716EAF /* Result.swift */; };
		F4A07E4F26C95B7400362987 /* Project14_BucketListApp.swift in Sources */ = {isa = PBXBuildFile; fileRef = F4A07E4E26C95B7400362987 /* Project14_BucketListApp.swift */; };
		F4A07E5126C95B7400362987 /* ContentView.swift in Sources */ = {isa = PBXBuildFile; fileRef = F4A07E5026C95B7400362987 /* ContentView.swift */; };
		F4A07E5326C95B7500362987 /* Assets.xcassets in Resources */ = {isa = PBXBuildFile; fileRef = F4A07E5226C95B7500362987 /* Assets.xcassets */; };
		F4A07E5626C95B7500362987 /* Preview Assets.xcassets in Resources */ = {isa = PBXBuildFile; fileRef = F4A07E5526C95B7500362987 /* Preview Assets.xcassets */; };
		F4AD827D26CBEFF7005CAAC4 /* MapView.swift in Sources */ = {isa = PBXBuildFile; fileRef = F4AD827C26CBEFF7005CAAC4 /* MapView.swift */; };
/* End PBXBuildFile section */

/* Begin PBXFileReference section */
		F405637026CD468200716EAF /* MKPointAnnotation-ObservableObject.swift */ = {isa = PBXFileReference; lastKnownFileType = sourcecode.swift; path = "MKPointAnnotation-ObservableObject.swift"; sourceTree = "<group>"; };
		F405637226CD46F500716EAF /* EditView.swift */ = {isa = PBXFileReference; lastKnownFileType = sourcecode.swift; path = EditView.swift; sourceTree = "<group>"; };
		F405637426CD48AB00716EAF /* Result.swift */ = {isa = PBXFileReference; lastKnownFileType = sourcecode.swift; path = Result.swift; sourceTree = "<group>"; };
		F4A07E4B26C95B7400362987 /* Project14-BucketList.app */ = {isa = PBXFileReference; explicitFileType = wrapper.application; includeInIndex = 0; path = "Project14-BucketList.app"; sourceTree = BUILT_PRODUCTS_DIR; };
		F4A07E4E26C95B7400362987 /* Project14_BucketListApp.swift */ = {isa = PBXFileReference; lastKnownFileType = sourcecode.swift; path = Project14_BucketListApp.swift; sourceTree = "<group>"; };
		F4A07E5026C95B7400362987 /* ContentView.swift */ = {isa = PBXFileReference; lastKnownFileType = sourcecode.swift; path = ContentView.swift; sourceTree = "<group>"; };
		F4A07E5226C95B7500362987 /* Assets.xcassets */ = {isa = PBXFileReference; lastKnownFileType = folder.assetcatalog; path = Assets.xcassets; sourceTree = "<group>"; };
		F4A07E5526C95B7500362987 /* Preview Assets.xcassets */ = {isa = PBXFileReference; lastKnownFileType = folder.assetcatalog; path = "Preview Assets.xcassets"; sourceTree = "<group>"; };
		F4A07E5726C95B7500362987 /* Info.plist */ = {isa = PBXFileReference; lastKnownFileType = text.plist.xml; path = Info.plist; sourceTree = "<group>"; };
		F4AD827C26CBEFF7005CAAC4 /* MapView.swift */ = {isa = PBXFileReference; lastKnownFileType = sourcecode.swift; path = MapView.swift; sourceTree = "<group>"; };
/* End PBXFileReference section */

/* Begin PBXFrameworksBuildPhase section */
		F4A07E4826C95B7400362987 /* Frameworks */ = {
			isa = PBXFrameworksBuildPhase;
			buildActionMask = 2147483647;
			files = (
			);
			runOnlyForDeploymentPostprocessing = 0;
		};
/* End PBXFrameworksBuildPhase section */

/* Begin PBXGroup section */
		F4A07E4226C95B7400362987 = {
			isa = PBXGroup;
			children = (
				F4A07E4D26C95B7400362987 /* Project14-BucketList */,
				F4A07E4C26C95B7400362987 /* Products */,
			);
			sourceTree = "<group>";
		};
		F4A07E4C26C95B7400362987 /* Products */ = {
			isa = PBXGroup;
			children = (
				F4A07E4B26C95B7400362987 /* Project14-BucketList.app */,
			);
			name = Products;
			sourceTree = "<group>";
		};
		F4A07E4D26C95B7400362987 /* Project14-BucketList */ = {
			isa = PBXGroup;
			children = (
				F4A07E4E26C95B7400362987 /* Project14_BucketListApp.swift */,
				F4A07E5026C95B7400362987 /* ContentView.swift */,
				F405637426CD48AB00716EAF /* Result.swift */,
				F4AD827C26CBEFF7005CAAC4 /* MapView.swift */,
				F405637026CD468200716EAF /* MKPointAnnotation-ObservableObject.swift */,
				F405637226CD46F500716EAF /* EditView.swift */,
				F4A07E5226C95B7500362987 /* Assets.xcassets */,
				F4A07E5726C95B7500362987 /* Info.plist */,
				F4A07E5426C95B7500362987 /* Preview Content */,
			);
			path = "Project14-BucketList";
			sourceTree = "<group>";
		};
		F4A07E5426C95B7500362987 /* Preview Content */ = {
			isa = PBXGroup;
			children = (
				F4A07E5526C95B7500362987 /* Preview Assets.xcassets */,
			);
			path = "Preview Content";
			sourceTree = "<group>";
		};
/* End PBXGroup section */

/* Begin PBXNativeTarget section */
		F4A07E4A26C95B7400362987 /* Project14-BucketList */ = {
			isa = PBXNativeTarget;
			buildConfigurationList = F4A07E5A26C95B7500362987 /* Build configuration list for PBXNativeTarget "Project14-BucketList" */;
			buildPhases = (
				F4A07E4726C95B7400362987 /* Sources */,
				F4A07E4826C95B7400362987 /* Frameworks */,
				F4A07E4926C95B7400362987 /* Resources */,
			);
			buildRules = (
			);
			dependencies = (
			);
			name = "Project14-BucketList";
			productName = "Project14-BucketList";
			productReference = F4A07E4B26C95B7400362987 /* Project14-BucketList.app */;
			productType = "com.apple.product-type.application";
		};
/* End PBXNativeTarget section */

/* Begin PBXProject section */
		F4A07E4326C95B7400362987 /* Project object */ = {
			isa = PBXProject;
			attributes = {
				LastSwiftUpdateCheck = 1250;
				LastUpgradeCheck = 1250;
				TargetAttributes = {
					F4A07E4A26C95B7400362987 = {
						CreatedOnToolsVersion = 12.5.1;
					};
				};
			};
			buildConfigurationList = F4A07E4626C95B7400362987 /* Build configuration list for PBXProject "Project14-BucketList" */;
			compatibilityVersion = "Xcode 9.3";
			developmentRegion = en;
			hasScannedForEncodings = 0;
			knownRegions = (
				en,
				Base,
			);
			mainGroup = F4A07E4226C95B7400362987;
			productRefGroup = F4A07E4C26C95B7400362987 /* Products */;
			projectDirPath = "";
			projectRoot = "";
			targets = (
				F4A07E4A26C95B7400362987 /* Project14-BucketList */,
			);
		};
/* End PBXProject section */

/* Begin PBXResourcesBuildPhase section */
		F4A07E4926C95B7400362987 /* Resources */ = {
			isa = PBXResourcesBuildPhase;
			buildActionMask = 2147483647;
			files = (
				F4A07E5626C95B7500362987 /* Preview Assets.xcassets in Resources */,
				F4A07E5326C95B7500362987 /* Assets.xcassets in Resources */,
			);
			runOnlyForDeploymentPostprocessing = 0;
		};
/* End PBXResourcesBuildPhase section */

/* Begin PBXSourcesBuildPhase section */
		F4A07E4726C95B7400362987 /* Sources */ = {
			isa = PBXSourcesBuildPhase;
			buildActionMask = 2147483647;
			files = (
				F405637526CD48AB00716EAF /* Result.swift in Sources */,
				F4A07E5126C95B7400362987 /* ContentView.swift in Sources */,
				F405637326CD46F500716EAF /* EditView.swift in Sources */,
				F405637126CD468200716EAF /* MKPointAnnotation-ObservableObject.swift in Sources */,
				F4AD827D26CBEFF7005CAAC4 /* MapView.swift in Sources */,
				F4A07E4F26C95B7400362987 /* Project14_BucketListApp.swift in Sources */,
			);
			runOnlyForDeploymentPostprocessing = 0;
		};
/* End PBXSourcesBuildPhase section */

/* Begin XCBuildConfiguration section */
		F4A07E5826C95B7500362987 /* Debug */ = {
			isa = XCBuildConfiguration;
			buildSettings = {
				ALWAYS_SEARCH_USER_PATHS = NO;
				CLANG_ANALYZER_NONNULL = YES;
				CLANG_ANALYZER_NUMBER_OBJECT_CONVERSION = YES_AGGRESSIVE;
				CLANG_CXX_LANGUAGE_STANDARD = "gnu++14";
				CLANG_CXX_LIBRARY = "libc++";
				CLANG_ENABLE_MODULES = YES;
				CLANG_ENABLE_OBJC_ARC = YES;
				CLANG_ENABLE_OBJC_WEAK = YES;
				CLANG_WARN_BLOCK_CAPTURE_AUTORELEASING = YES;
				CLANG_WARN_BOOL_CONVERSION = YES;
				CLANG_WARN_COMMA = YES;
				CLANG_WARN_CONSTANT_CONVERSION = YES;
				CLANG_WARN_DEPRECATED_OBJC_IMPLEMENTATIONS = YES;
				CLANG_WARN_DIRECT_OBJC_ISA_USAGE = YES_ERROR;
				CLANG_WARN_DOCUMENTATION_COMMENTS = YES;
				CLANG_WARN_EMPTY_BODY = YES;
				CLANG_WARN_ENUM_CONVERSION = YES;
				CLANG_WARN_INFINITE_RECURSION = YES;
				CLANG_WARN_INT_CONVERSION = YES;
				CLANG_WARN_NON_LITERAL_NULL_CONVERSION = YES;
				CLANG_WARN_OBJC_IMPLICIT_RETAIN_SELF = YES;
				CLANG_WARN_OBJC_LITERAL_CONVERSION = YES;
				CLANG_WARN_OBJC_ROOT_CLASS = YES_ERROR;
				CLANG_WARN_QUOTED_INCLUDE_IN_FRAMEWORK_HEADER = YES;
				CLANG_WARN_RANGE_LOOP_ANALYSIS = YES;
				CLANG_WARN_STRICT_PROTOTYPES = YES;
				CLANG_WARN_SUSPICIOUS_MOVE = YES;
				CLANG_WARN_UNGUARDED_AVAILABILITY = YES_AGGRESSIVE;
				CLANG_WARN_UNREACHABLE_CODE = YES;
				CLANG_WARN__DUPLICATE_METHOD_MATCH = YES;
				COPY_PHASE_STRIP = NO;
				DEBUG_INFORMATION_FORMAT = dwarf;
				ENABLE_STRICT_OBJC_MSGSEND = YES;
				ENABLE_TESTABILITY = YES;
				GCC_C_LANGUAGE_STANDARD = gnu11;
				GCC_DYNAMIC_NO_PIC = NO;
				GCC_NO_COMMON_BLOCKS = YES;
				GCC_OPTIMIZATION_LEVEL = 0;
				GCC_PREPROCESSOR_DEFINITIONS = (
					"DEBUG=1",
					"$(inherited)",
				);
				GCC_WARN_64_TO_32_BIT_CONVERSION = YES;
				GCC_WARN_ABOUT_RETURN_TYPE = YES_ERROR;
				GCC_WARN_UNDECLARED_SELECTOR = YES;
				GCC_WARN_UNINITIALIZED_AUTOS = YES_AGGRESSIVE;
				GCC_WARN_UNUSED_FUNCTION = YES;
				GCC_WARN_UNUSED_VARIABLE = YES;
				IPHONEOS_DEPLOYMENT_TARGET = 14.5;
				MTL_ENABLE_DEBUG_INFO = INCLUDE_SOURCE;
				MTL_FAST_MATH = YES;
				ONLY_ACTIVE_ARCH = YES;
				SDKROOT = iphoneos;
				SWIFT_ACTIVE_COMPILATION_CONDITIONS = DEBUG;
				SWIFT_OPTIMIZATION_LEVEL = "-Onone";
			};
			name = Debug;
		};
		F4A07E5926C95B7500362987 /* Release */ = {
			isa = XCBuildConfiguration;
			buildSettings = {
				ALWAYS_SEARCH_USER_PATHS = NO;
				CLANG_ANALYZER_NONNULL = YES;
				CLANG_ANALYZER_NUMBER_OBJECT_CONVERSION = YES_AGGRESSIVE;
				CLANG_CXX_LANGUAGE_STANDARD = "gnu++14";
				CLANG_CXX_LIBRARY = "libc++";
				CLANG_ENABLE_MODULES = YES;
				CLANG_ENABLE_OBJC_ARC = YES;
				CLANG_ENABLE_OBJC_WEAK = YES;
				CLANG_WARN_BLOCK_CAPTURE_AUTORELEASING = YES;
				CLANG_WARN_BOOL_CONVERSION = YES;
				CLANG_WARN_COMMA = YES;
				CLANG_WARN_CONSTANT_CONVERSION = YES;
				CLANG_WARN_DEPRECATED_OBJC_IMPLEMENTATIONS = YES;
				CLANG_WARN_DIRECT_OBJC_ISA_USAGE = YES_ERROR;
				CLANG_WARN_DOCUMENTATION_COMMENTS = YES;
				CLANG_WARN_EMPTY_BODY = YES;
				CLANG_WARN_ENUM_CONVERSION = YES;
				CLANG_WARN_INFINITE_RECURSION = YES;
				CLANG_WARN_INT_CONVERSION = YES;
				CLANG_WARN_NON_LITERAL_NULL_CONVERSION = YES;
				CLANG_WARN_OBJC_IMPLICIT_RETAIN_SELF = YES;
				CLANG_WARN_OBJC_LITERAL_CONVERSION = YES;
				CLANG_WARN_OBJC_ROOT_CLASS = YES_ERROR;
				CLANG_WARN_QUOTED_INCLUDE_IN_FRAMEWORK_HEADER = YES;
				CLANG_WARN_RANGE_LOOP_ANALYSIS = YES;
				CLANG_WARN_STRICT_PROTOTYPES = YES;
				CLANG_WARN_SUSPICIOUS_MOVE = YES;
				CLANG_WARN_UNGUARDED_AVAILABILITY = YES_AGGRESSIVE;
				CLANG_WARN_UNREACHABLE_CODE = YES;
				CLANG_WARN__DUPLICATE_METHOD_MATCH = YES;
				COPY_PHASE_STRIP = NO;
				DEBUG_INFORMATION_FORMAT = "dwarf-with-dsym";
				ENABLE_NS_ASSERTIONS = NO;
				ENABLE_STRICT_OBJC_MSGSEND = YES;
				GCC_C_LANGUAGE_STANDARD = gnu11;
				GCC_NO_COMMON_BLOCKS = YES;
				GCC_WARN_64_TO_32_BIT_CONVERSION = YES;
				GCC_WARN_ABOUT_RETURN_TYPE = YES_ERROR;
				GCC_WARN_UNDECLARED_SELECTOR = YES;
				GCC_WARN_UNINITIALIZED_AUTOS = YES_AGGRESSIVE;
				GCC_WARN_UNUSED_FUNCTION = YES;
				GCC_WARN_UNUSED_VARIABLE = YES;
				IPHONEOS_DEPLOYMENT_TARGET = 14.5;
				MTL_ENABLE_DEBUG_INFO = NO;
				MTL_FAST_MATH = YES;
				SDKROOT = iphoneos;
				SWIFT_COMPILATION_MODE = wholemodule;
				SWIFT_OPTIMIZATION_LEVEL = "-O";
				VALIDATE_PRODUCT = YES;
			};
			name = Release;
		};
		F4A07E5B26C95B7500362987 /* Debug */ = {
			isa = XCBuildConfiguration;
			buildSettings = {
				ASSETCATALOG_COMPILER_APPICON_NAME = AppIcon;
				ASSETCATALOG_COMPILER_GLOBAL_ACCENT_COLOR_NAME = AccentColor;
				CODE_SIGN_STYLE = Automatic;
				DEVELOPMENT_ASSET_PATHS = "\"Project14-BucketList/Preview Content\"";
				DEVELOPMENT_TEAM = DJAHJZFYK7;
				ENABLE_PREVIEWS = YES;
				INFOPLIST_FILE = "Project14-BucketList/Info.plist";
				IPHONEOS_DEPLOYMENT_TARGET = 14.0;
				LD_RUNPATH_SEARCH_PATHS = (
					"$(inherited)",
					"@executable_path/Frameworks",
				);
				PRODUCT_BUNDLE_IDENTIFIER = "com.ryantoken.Project14-BucketList";
				PRODUCT_NAME = "$(TARGET_NAME)";
				SWIFT_VERSION = 5.0;
				TARGETED_DEVICE_FAMILY = "1,2";
			};
			name = Debug;
		};
		F4A07E5C26C95B7500362987 /* Release */ = {
			isa = XCBuildConfiguration;
			buildSettings = {
				ASSETCATALOG_COMPILER_APPICON_NAME = AppIcon;
				ASSETCATALOG_COMPILER_GLOBAL_ACCENT_COLOR_NAME = AccentColor;
				CODE_SIGN_STYLE = Automatic;
				DEVELOPMENT_ASSET_PATHS = "\"Project14-BucketList/Preview Content\"";
				DEVELOPMENT_TEAM = DJAHJZFYK7;
				ENABLE_PREVIEWS = YES;
				INFOPLIST_FILE = "Project14-BucketList/Info.plist";
				IPHONEOS_DEPLOYMENT_TARGET = 14.0;
				LD_RUNPATH_SEARCH_PATHS = (
					"$(inherited)",
					"@executable_path/Frameworks",
				);
				PRODUCT_BUNDLE_IDENTIFIER = "com.ryantoken.Project14-BucketList";
				PRODUCT_NAME = "$(TARGET_NAME)";
				SWIFT_VERSION = 5.0;
				TARGETED_DEVICE_FAMILY = "1,2";
			};
			name = Release;
		};
/* End XCBuildConfiguration section */

/* Begin XCConfigurationList section */
		F4A07E4626C95B7400362987 /* Build configuration list for PBXProject "Project14-BucketList" */ = {
			isa = XCConfigurationList;
			buildConfigurations = (
				F4A07E5826C95B7500362987 /* Debug */,
				F4A07E5926C95B7500362987 /* Release */,
			);
			defaultConfigurationIsVisible = 0;
			defaultConfigurationName = Release;
		};
		F4A07E5A26C95B7500362987 /* Build configuration list for PBXNativeTarget "Project14-BucketList" */ = {
			isa = XCConfigurationList;
			buildConfigurations = (
				F4A07E5B26C95B7500362987 /* Debug */,
				F4A07E5C26C95B7500362987 /* Release */,
			);
			defaultConfigurationIsVisible = 0;
			defaultConfigurationName = Release;
		};
/* End XCConfigurationList section */
	};
	rootObject = F4A07E4326C95B7400362987 /* Project object */;
}
