// !$*UTF8*$!
{
	archiveVersion = 1;
	classes = {
	};
	objectVersion = 50;
	objects = {

/* Begin PBXBuildFile section */
		F4103A4026EE97D600441BFB /* Project15_5_PhotoFriendsApp.swift in Sources */ = {isa = PBXBuildFile; fileRef = F4103A3F26EE97D600441BFB /* Project15_5_PhotoFriendsApp.swift */; };
		F4103A4226EE97D600441BFB /* ContentView.swift in Sources */ = {isa = PBXBuildFile; fileRef = F4103A4126EE97D600441BFB /* ContentView.swift */; };
		F4103A4426EE97D700441BFB /* Assets.xcassets in Resources */ = {isa = PBXBuildFile; fileRef = F4103A4326EE97D700441BFB /* Assets.xcassets */; };
		F4103A4726EE97D700441BFB /* Preview Assets.xcassets in Resources */ = {isa = PBXBuildFile; fileRef = F4103A4626EE97D700441BFB /* Preview Assets.xcassets */; };
		F4103A4926EE97D700441BFB /* Persistence.swift in Sources */ = {isa = PBXBuildFile; fileRef = F4103A4826EE97D700441BFB /* Persistence.swift */; };
		F4103A4C26EE97D700441BFB /* Project15_5_PhotoFriends.xcdatamodeld in Sources */ = {isa = PBXBuildFile; fileRef = F4103A4A26EE97D700441BFB /* Project15_5_PhotoFriends.xcdatamodeld */; };
		F416B4C926EEA8EF00AB29E1 /* Friend+CoreDataClass.swift in Sources */ = {isa = PBXBuildFile; fileRef = F416B4C726EEA8EF00AB29E1 /* Friend+CoreDataClass.swift */; };
		F416B4CA26EEA8EF00AB29E1 /* Friend+CoreDataProperties.swift in Sources */ = {isa = PBXBuildFile; fileRef = F416B4C826EEA8EF00AB29E1 /* Friend+CoreDataProperties.swift */; };
		F416B4CC26EEAAB300AB29E1 /* ImageNamerView.swift in Sources */ = {isa = PBXBuildFile; fileRef = F416B4CB26EEAAB300AB29E1 /* ImageNamerView.swift */; };
		F416B4CE26EEB46F00AB29E1 /* DetailView.swift in Sources */ = {isa = PBXBuildFile; fileRef = F416B4CD26EEB46F00AB29E1 /* DetailView.swift */; };
		F44164D926EE9B650078DA83 /* ImagePicker.swift in Sources */ = {isa = PBXBuildFile; fileRef = F44164D826EE9B650078DA83 /* ImagePicker.swift */; };
		F494589326F176FE00790F29 /* MapView.swift in Sources */ = {isa = PBXBuildFile; fileRef = F494589226F176FE00790F29 /* MapView.swift */; };
		F494589526F1777100790F29 /* LocationFetcher.swift in Sources */ = {isa = PBXBuildFile; fileRef = F494589426F1777100790F29 /* LocationFetcher.swift */; };
		F494589726F1781D00790F29 /* MKPointAnnotation-ObservableObject.swift in Sources */ = {isa = PBXBuildFile; fileRef = F494589626F1781D00790F29 /* MKPointAnnotation-ObservableObject.swift */; };
		F494589926F1782D00790F29 /* MKPointAnnotation-Codable.swift in Sources */ = {isa = PBXBuildFile; fileRef = F494589826F1782D00790F29 /* MKPointAnnotation-Codable.swift */; };
/* End PBXBuildFile section */

/* Begin PBXFileReference section */
		F4103A3C26EE97D600441BFB /* Project15.5-PhotoFriends.app */ = {isa = PBXFileReference; explicitFileType = wrapper.application; includeInIndex = 0; path = "Project15.5-PhotoFriends.app"; sourceTree = BUILT_PRODUCTS_DIR; };
		F4103A3F26EE97D600441BFB /* Project15_5_PhotoFriendsApp.swift */ = {isa = PBXFileReference; lastKnownFileType = sourcecode.swift; path = Project15_5_PhotoFriendsApp.swift; sourceTree = "<group>"; };
		F4103A4126EE97D600441BFB /* ContentView.swift */ = {isa = PBXFileReference; lastKnownFileType = sourcecode.swift; path = ContentView.swift; sourceTree = "<group>"; };
		F4103A4326EE97D700441BFB /* Assets.xcassets */ = {isa = PBXFileReference; lastKnownFileType = folder.assetcatalog; path = Assets.xcassets; sourceTree = "<group>"; };
		F4103A4626EE97D700441BFB /* Preview Assets.xcassets */ = {isa = PBXFileReference; lastKnownFileType = folder.assetcatalog; path = "Preview Assets.xcassets"; sourceTree = "<group>"; };
		F4103A4826EE97D700441BFB /* Persistence.swift */ = {isa = PBXFileReference; lastKnownFileType = sourcecode.swift; path = Persistence.swift; sourceTree = "<group>"; };
		F4103A4B26EE97D700441BFB /* Project15_5_PhotoFriends.xcdatamodel */ = {isa = PBXFileReference; lastKnownFileType = wrapper.xcdatamodel; path = Project15_5_PhotoFriends.xcdatamodel; sourceTree = "<group>"; };
		F4103A4D26EE97D700441BFB /* Info.plist */ = {isa = PBXFileReference; lastKnownFileType = text.plist.xml; path = Info.plist; sourceTree = "<group>"; };
		F416B4C726EEA8EF00AB29E1 /* Friend+CoreDataClass.swift */ = {isa = PBXFileReference; lastKnownFileType = sourcecode.swift; path = "Friend+CoreDataClass.swift"; sourceTree = "<group>"; };
		F416B4C826EEA8EF00AB29E1 /* Friend+CoreDataProperties.swift */ = {isa = PBXFileReference; lastKnownFileType = sourcecode.swift; path = "Friend+CoreDataProperties.swift"; sourceTree = "<group>"; };
		F416B4CB26EEAAB300AB29E1 /* ImageNamerView.swift */ = {isa = PBXFileReference; lastKnownFileType = sourcecode.swift; path = ImageNamerView.swift; sourceTree = "<group>"; };
		F416B4CD26EEB46F00AB29E1 /* DetailView.swift */ = {isa = PBXFileReference; lastKnownFileType = sourcecode.swift; path = DetailView.swift; sourceTree = "<group>"; };
		F44164D826EE9B650078DA83 /* ImagePicker.swift */ = {isa = PBXFileReference; lastKnownFileType = sourcecode.swift; path = ImagePicker.swift; sourceTree = "<group>"; };
		F494589226F176FE00790F29 /* MapView.swift */ = {isa = PBXFileReference; lastKnownFileType = sourcecode.swift; path = MapView.swift; sourceTree = "<group>"; };
		F494589426F1777100790F29 /* LocationFetcher.swift */ = {isa = PBXFileReference; lastKnownFileType = sourcecode.swift; path = LocationFetcher.swift; sourceTree = "<group>"; };
		F494589626F1781D00790F29 /* MKPointAnnotation-ObservableObject.swift */ = {isa = PBXFileReference; lastKnownFileType = sourcecode.swift; path = "MKPointAnnotation-ObservableObject.swift"; sourceTree = "<group>"; };
		F494589826F1782D00790F29 /* MKPointAnnotation-Codable.swift */ = {isa = PBXFileReference; lastKnownFileType = sourcecode.swift; path = "MKPointAnnotation-Codable.swift"; sourceTree = "<group>"; };
/* End PBXFileReference section */

/* Begin PBXFrameworksBuildPhase section */
		F4103A3926EE97D600441BFB /* Frameworks */ = {
			isa = PBXFrameworksBuildPhase;
			buildActionMask = 2147483647;
			files = (
			);
			runOnlyForDeploymentPostprocessing = 0;
		};
/* End PBXFrameworksBuildPhase section */

/* Begin PBXGroup section */
		F4103A3326EE97D600441BFB = {
			isa = PBXGroup;
			children = (
				F4103A3E26EE97D600441BFB /* Project15.5-PhotoFriends */,
				F4103A3D26EE97D600441BFB /* Products */,
			);
			sourceTree = "<group>";
		};
		F4103A3D26EE97D600441BFB /* Products */ = {
			isa = PBXGroup;
			children = (
				F4103A3C26EE97D600441BFB /* Project15.5-PhotoFriends.app */,
			);
			name = Products;
			sourceTree = "<group>";
		};
		F4103A3E26EE97D600441BFB /* Project15.5-PhotoFriends */ = {
			isa = PBXGroup;
			children = (
				F416B4C726EEA8EF00AB29E1 /* Friend+CoreDataClass.swift */,
				F416B4C826EEA8EF00AB29E1 /* Friend+CoreDataProperties.swift */,
				F4103A3F26EE97D600441BFB /* Project15_5_PhotoFriendsApp.swift */,
				F4103A4126EE97D600441BFB /* ContentView.swift */,
				F494589226F176FE00790F29 /* MapView.swift */,
				F494589626F1781D00790F29 /* MKPointAnnotation-ObservableObject.swift */,
				F494589826F1782D00790F29 /* MKPointAnnotation-Codable.swift */,
				F494589426F1777100790F29 /* LocationFetcher.swift */,
				F416B4CD26EEB46F00AB29E1 /* DetailView.swift */,
				F416B4CB26EEAAB300AB29E1 /* ImageNamerView.swift */,
				F44164D826EE9B650078DA83 /* ImagePicker.swift */,
				F4103A4326EE97D700441BFB /* Assets.xcassets */,
				F4103A4826EE97D700441BFB /* Persistence.swift */,
				F4103A4D26EE97D700441BFB /* Info.plist */,
				F4103A4A26EE97D700441BFB /* Project15_5_PhotoFriends.xcdatamodeld */,
				F4103A4526EE97D700441BFB /* Preview Content */,
			);
			path = "Project15.5-PhotoFriends";
			sourceTree = "<group>";
		};
		F4103A4526EE97D700441BFB /* Preview Content */ = {
			isa = PBXGroup;
			children = (
				F4103A4626EE97D700441BFB /* Preview Assets.xcassets */,
			);
			path = "Preview Content";
			sourceTree = "<group>";
		};
/* End PBXGroup section */

/* Begin PBXNativeTarget section */
		F4103A3B26EE97D600441BFB /* Project15.5-PhotoFriends */ = {
			isa = PBXNativeTarget;
			buildConfigurationList = F4103A5026EE97D700441BFB /* Build configuration list for PBXNativeTarget "Project15.5-PhotoFriends" */;
			buildPhases = (
				F4103A3826EE97D600441BFB /* Sources */,
				F4103A3926EE97D600441BFB /* Frameworks */,
				F4103A3A26EE97D600441BFB /* Resources */,
			);
			buildRules = (
			);
			dependencies = (
			);
			name = "Project15.5-PhotoFriends";
			productName = "Project15.5-PhotoFriends";
			productReference = F4103A3C26EE97D600441BFB /* Project15.5-PhotoFriends.app */;
			productType = "com.apple.product-type.application";
		};
/* End PBXNativeTarget section */

/* Begin PBXProject section */
		F4103A3426EE97D600441BFB /* Project object */ = {
			isa = PBXProject;
			attributes = {
				LastSwiftUpdateCheck = 1250;
				LastUpgradeCheck = 1250;
				TargetAttributes = {
					F4103A3B26EE97D600441BFB = {
						CreatedOnToolsVersion = 12.5.1;
					};
				};
			};
			buildConfigurationList = F4103A3726EE97D600441BFB /* Build configuration list for PBXProject "Project15.5-PhotoFriends" */;
			compatibilityVersion = "Xcode 9.3";
			developmentRegion = en;
			hasScannedForEncodings = 0;
			knownRegions = (
				en,
				Base,
			);
			mainGroup = F4103A3326EE97D600441BFB;
			productRefGroup = F4103A3D26EE97D600441BFB /* Products */;
			projectDirPath = "";
			projectRoot = "";
			targets = (
				F4103A3B26EE97D600441BFB /* Project15.5-PhotoFriends */,
			);
		};
/* End PBXProject section */

/* Begin PBXResourcesBuildPhase section */
		F4103A3A26EE97D600441BFB /* Resources */ = {
			isa = PBXResourcesBuildPhase;
			buildActionMask = 2147483647;
			files = (
				F4103A4726EE97D700441BFB /* Preview Assets.xcassets in Resources */,
				F4103A4426EE97D700441BFB /* Assets.xcassets in Resources */,
			);
			runOnlyForDeploymentPostprocessing = 0;
		};
/* End PBXResourcesBuildPhase section */

/* Begin PBXSourcesBuildPhase section */
		F4103A3826EE97D600441BFB /* Sources */ = {
			isa = PBXSourcesBuildPhase;
			buildActionMask = 2147483647;
			files = (
				F416B4CC26EEAAB300AB29E1 /* ImageNamerView.swift in Sources */,
				F494589926F1782D00790F29 /* MKPointAnnotation-Codable.swift in Sources */,
				F494589726F1781D00790F29 /* MKPointAnnotation-ObservableObject.swift in Sources */,
				F4103A4926EE97D700441BFB /* Persistence.swift in Sources */,
				F416B4CE26EEB46F00AB29E1 /* DetailView.swift in Sources */,
				F4103A4226EE97D600441BFB /* ContentView.swift in Sources */,
				F494589526F1777100790F29 /* LocationFetcher.swift in Sources */,
				F44164D926EE9B650078DA83 /* ImagePicker.swift in Sources */,
				F4103A4C26EE97D700441BFB /* Project15_5_PhotoFriends.xcdatamodeld in Sources */,
				F416B4CA26EEA8EF00AB29E1 /* Friend+CoreDataProperties.swift in Sources */,
				F494589326F176FE00790F29 /* MapView.swift in Sources */,
				F416B4C926EEA8EF00AB29E1 /* Friend+CoreDataClass.swift in Sources */,
				F4103A4026EE97D600441BFB /* Project15_5_PhotoFriendsApp.swift in Sources */,
			);
			runOnlyForDeploymentPostprocessing = 0;
		};
/* End PBXSourcesBuildPhase section */

/* Begin XCBuildConfiguration section */
		F4103A4E26EE97D700441BFB /* Debug */ = {
			isa = XCBuildConfiguration;
			buildSettings = {
				ALWAYS_SEARCH_USER_PATHS = NO;
				CLANG_ANALYZER_NONNULL = YES;
				CLANG_ANALYZER_NUMBER_OBJECT_CONVERSION = YES_AGGRESSIVE;
				CLANG_CXX_LANGUAGE_STANDARD = "gnu++14";
				CLANG_CXX_LIBRARY = "libc++";
				CLANG_ENABLE_MODULES = YES;
				CLANG_ENABLE_OBJC_ARC = YES;
				CLANG_ENABLE_OBJC_WEAK = YES;
				CLANG_WARN_BLOCK_CAPTURE_AUTORELEASING = YES;
				CLANG_WARN_BOOL_CONVERSION = YES;
				CLANG_WARN_COMMA = YES;
				CLANG_WARN_CONSTANT_CONVERSION = YES;
				CLANG_WARN_DEPRECATED_OBJC_IMPLEMENTATIONS = YES;
				CLANG_WARN_DIRECT_OBJC_ISA_USAGE = YES_ERROR;
				CLANG_WARN_DOCUMENTATION_COMMENTS = YES;
				CLANG_WARN_EMPTY_BODY = YES;
				CLANG_WARN_ENUM_CONVERSION = YES;
				CLANG_WARN_INFINITE_RECURSION = YES;
				CLANG_WARN_INT_CONVERSION = YES;
				CLANG_WARN_NON_LITERAL_NULL_CONVERSION = YES;
				CLANG_WARN_OBJC_IMPLICIT_RETAIN_SELF = YES;
				CLANG_WARN_OBJC_LITERAL_CONVERSION = YES;
				CLANG_WARN_OBJC_ROOT_CLASS = YES_ERROR;
				CLANG_WARN_QUOTED_INCLUDE_IN_FRAMEWORK_HEADER = YES;
				CLANG_WARN_RANGE_LOOP_ANALYSIS = YES;
				CLANG_WARN_STRICT_PROTOTYPES = YES;
				CLANG_WARN_SUSPICIOUS_MOVE = YES;
				CLANG_WARN_UNGUARDED_AVAILABILITY = YES_AGGRESSIVE;
				CLANG_WARN_UNREACHABLE_CODE = YES;
				CLANG_WARN__DUPLICATE_METHOD_MATCH = YES;
				COPY_PHASE_STRIP = NO;
				DEBUG_INFORMATION_FORMAT = dwarf;
				ENABLE_STRICT_OBJC_MSGSEND = YES;
				ENABLE_TESTABILITY = YES;
				GCC_C_LANGUAGE_STANDARD = gnu11;
				GCC_DYNAMIC_NO_PIC = NO;
				GCC_NO_COMMON_BLOCKS = YES;
				GCC_OPTIMIZATION_LEVEL = 0;
				GCC_PREPROCESSOR_DEFINITIONS = (
					"DEBUG=1",
					"$(inherited)",
				);
				GCC_WARN_64_TO_32_BIT_CONVERSION = YES;
				GCC_WARN_ABOUT_RETURN_TYPE = YES_ERROR;
				GCC_WARN_UNDECLARED_SELECTOR = YES;
				GCC_WARN_UNINITIALIZED_AUTOS = YES_AGGRESSIVE;
				GCC_WARN_UNUSED_FUNCTION = YES;
				GCC_WARN_UNUSED_VARIABLE = YES;
				IPHONEOS_DEPLOYMENT_TARGET = 14.5;
				MTL_ENABLE_DEBUG_INFO = INCLUDE_SOURCE;
				MTL_FAST_MATH = YES;
				ONLY_ACTIVE_ARCH = YES;
				SDKROOT = iphoneos;
				SWIFT_ACTIVE_COMPILATION_CONDITIONS = DEBUG;
				SWIFT_OPTIMIZATION_LEVEL = "-Onone";
			};
			name = Debug;
		};
		F4103A4F26EE97D700441BFB /* Release */ = {
			isa = XCBuildConfiguration;
			buildSettings = {
				ALWAYS_SEARCH_USER_PATHS = NO;
				CLANG_ANALYZER_NONNULL = YES;
				CLANG_ANALYZER_NUMBER_OBJECT_CONVERSION = YES_AGGRESSIVE;
				CLANG_CXX_LANGUAGE_STANDARD = "gnu++14";
				CLANG_CXX_LIBRARY = "libc++";
				CLANG_ENABLE_MODULES = YES;
				CLANG_ENABLE_OBJC_ARC = YES;
				CLANG_ENABLE_OBJC_WEAK = YES;
				CLANG_WARN_BLOCK_CAPTURE_AUTORELEASING = YES;
				CLANG_WARN_BOOL_CONVERSION = YES;
				CLANG_WARN_COMMA = YES;
				CLANG_WARN_CONSTANT_CONVERSION = YES;
				CLANG_WARN_DEPRECATED_OBJC_IMPLEMENTATIONS = YES;
				CLANG_WARN_DIRECT_OBJC_ISA_USAGE = YES_ERROR;
				CLANG_WARN_DOCUMENTATION_COMMENTS = YES;
				CLANG_WARN_EMPTY_BODY = YES;
				CLANG_WARN_ENUM_CONVERSION = YES;
				CLANG_WARN_INFINITE_RECURSION = YES;
				CLANG_WARN_INT_CONVERSION = YES;
				CLANG_WARN_NON_LITERAL_NULL_CONVERSION = YES;
				CLANG_WARN_OBJC_IMPLICIT_RETAIN_SELF = YES;
				CLANG_WARN_OBJC_LITERAL_CONVERSION = YES;
				CLANG_WARN_OBJC_ROOT_CLASS = YES_ERROR;
				CLANG_WARN_QUOTED_INCLUDE_IN_FRAMEWORK_HEADER = YES;
				CLANG_WARN_RANGE_LOOP_ANALYSIS = YES;
				CLANG_WARN_STRICT_PROTOTYPES = YES;
				CLANG_WARN_SUSPICIOUS_MOVE = YES;
				CLANG_WARN_UNGUARDED_AVAILABILITY = YES_AGGRESSIVE;
				CLANG_WARN_UNREACHABLE_CODE = YES;
				CLANG_WARN__DUPLICATE_METHOD_MATCH = YES;
				COPY_PHASE_STRIP = NO;
				DEBUG_INFORMATION_FORMAT = "dwarf-with-dsym";
				ENABLE_NS_ASSERTIONS = NO;
				ENABLE_STRICT_OBJC_MSGSEND = YES;
				GCC_C_LANGUAGE_STANDARD = gnu11;
				GCC_NO_COMMON_BLOCKS = YES;
				GCC_WARN_64_TO_32_BIT_CONVERSION = YES;
				GCC_WARN_ABOUT_RETURN_TYPE = YES_ERROR;
				GCC_WARN_UNDECLARED_SELECTOR = YES;
				GCC_WARN_UNINITIALIZED_AUTOS = YES_AGGRESSIVE;
				GCC_WARN_UNUSED_FUNCTION = YES;
				GCC_WARN_UNUSED_VARIABLE = YES;
				IPHONEOS_DEPLOYMENT_TARGET = 14.5;
				MTL_ENABLE_DEBUG_INFO = NO;
				MTL_FAST_MATH = YES;
				SDKROOT = iphoneos;
				SWIFT_COMPILATION_MODE = wholemodule;
				SWIFT_OPTIMIZATION_LEVEL = "-O";
				VALIDATE_PRODUCT = YES;
			};
			name = Release;
		};
		F4103A5126EE97D700441BFB /* Debug */ = {
			isa = XCBuildConfiguration;
			buildSettings = {
				ASSETCATALOG_COMPILER_APPICON_NAME = AppIcon;
				ASSETCATALOG_COMPILER_GLOBAL_ACCENT_COLOR_NAME = AccentColor;
				CODE_SIGN_STYLE = Automatic;
				DEVELOPMENT_ASSET_PATHS = "\"Project15.5-PhotoFriends/Preview Content\"";
				DEVELOPMENT_TEAM = DJAHJZFYK7;
				ENABLE_PREVIEWS = YES;
				INFOPLIST_FILE = "Project15.5-PhotoFriends/Info.plist";
				IPHONEOS_DEPLOYMENT_TARGET = 14.0;
				LD_RUNPATH_SEARCH_PATHS = (
					"$(inherited)",
					"@executable_path/Frameworks",
				);
				PRODUCT_BUNDLE_IDENTIFIER = "com.ryantoken.Project15-5-PhotoFriends";
				PRODUCT_NAME = "$(TARGET_NAME)";
				SWIFT_VERSION = 5.0;
				TARGETED_DEVICE_FAMILY = "1,2";
			};
			name = Debug;
		};
		F4103A5226EE97D700441BFB /* Release */ = {
			isa = XCBuildConfiguration;
			buildSettings = {
				ASSETCATALOG_COMPILER_APPICON_NAME = AppIcon;
				ASSETCATALOG_COMPILER_GLOBAL_ACCENT_COLOR_NAME = AccentColor;
				CODE_SIGN_STYLE = Automatic;
				DEVELOPMENT_ASSET_PATHS = "\"Project15.5-PhotoFriends/Preview Content\"";
				DEVELOPMENT_TEAM = DJAHJZFYK7;
				ENABLE_PREVIEWS = YES;
				INFOPLIST_FILE = "Project15.5-PhotoFriends/Info.plist";
				IPHONEOS_DEPLOYMENT_TARGET = 14.0;
				LD_RUNPATH_SEARCH_PATHS = (
					"$(inherited)",
					"@executable_path/Frameworks",
				);
				PRODUCT_BUNDLE_IDENTIFIER = "com.ryantoken.Project15-5-PhotoFriends";
				PRODUCT_NAME = "$(TARGET_NAME)";
				SWIFT_VERSION = 5.0;
				TARGETED_DEVICE_FAMILY = "1,2";
			};
			name = Release;
		};
/* End XCBuildConfiguration section */

/* Begin XCConfigurationList section */
		F4103A3726EE97D600441BFB /* Build configuration list for PBXProject "Project15.5-PhotoFriends" */ = {
			isa = XCConfigurationList;
			buildConfigurations = (
				F4103A4E26EE97D700441BFB /* Debug */,
				F4103A4F26EE97D700441BFB /* Release */,
			);
			defaultConfigurationIsVisible = 0;
			defaultConfigurationName = Release;
		};
		F4103A5026EE97D700441BFB /* Build configuration list for PBXNativeTarget "Project15.5-PhotoFriends" */ = {
			isa = XCConfigurationList;
			buildConfigurations = (
				F4103A5126EE97D700441BFB /* Debug */,
				F4103A5226EE97D700441BFB /* Release */,
			);
			defaultConfigurationIsVisible = 0;
			defaultConfigurationName = Release;
		};
/* End XCConfigurationList section */

/* Begin XCVersionGroup section */
		F4103A4A26EE97D700441BFB /* Project15_5_PhotoFriends.xcdatamodeld */ = {
			isa = XCVersionGroup;
			children = (
				F4103A4B26EE97D700441BFB /* Project15_5_PhotoFriends.xcdatamodel */,
			);
			currentVersion = F4103A4B26EE97D700441BFB /* Project15_5_PhotoFriends.xcdatamodel */;
			path = Project15_5_PhotoFriends.xcdatamodeld;
			sourceTree = "<group>";
			versionGroupType = wrapper.xcdatamodel;
		};
/* End XCVersionGroup section */
	};
	rootObject = F4103A3426EE97D600441BFB /* Project object */;
}
