// !$*UTF8*$!
{
	archiveVersion = 1;
	classes = {
	};
	objectVersion = 50;
	objects = {

/* Begin PBXBuildFile section */
		F4CAA59226BA1B91008C1D4E /* Project11_5_CoreDataProjectApp.swift in Sources */ = {isa = PBXBuildFile; fileRef = F4CAA59126BA1B91008C1D4E /* Project11_5_CoreDataProjectApp.swift */; };
		F4CAA59426BA1B91008C1D4E /* ContentView.swift in Sources */ = {isa = PBXBuildFile; fileRef = F4CAA59326BA1B91008C1D4E /* ContentView.swift */; };
		F4CAA59626BA1B93008C1D4E /* Assets.xcassets in Resources */ = {isa = PBXBuildFile; fileRef = F4CAA59526BA1B93008C1D4E /* Assets.xcassets */; };
		F4CAA59926BA1B93008C1D4E /* Preview Assets.xcassets in Resources */ = {isa = PBXBuildFile; fileRef = F4CAA59826BA1B93008C1D4E /* Preview Assets.xcassets */; };
		F4CAA59B26BA1B93008C1D4E /* Persistence.swift in Sources */ = {isa = PBXBuildFile; fileRef = F4CAA59A26BA1B93008C1D4E /* Persistence.swift */; };
		F4CAA59E26BA1B93008C1D4E /* Project11_5_CoreDataProject.xcdatamodeld in Sources */ = {isa = PBXBuildFile; fileRef = F4CAA59C26BA1B93008C1D4E /* Project11_5_CoreDataProject.xcdatamodeld */; };
		F4CAA5A726BA1E7C008C1D4E /* Movie+CoreDataClass.swift in Sources */ = {isa = PBXBuildFile; fileRef = F4CAA5A526BA1E7C008C1D4E /* Movie+CoreDataClass.swift */; };
		F4CAA5A826BA1E7C008C1D4E /* Movie+CoreDataProperties.swift in Sources */ = {isa = PBXBuildFile; fileRef = F4CAA5A626BA1E7C008C1D4E /* Movie+CoreDataProperties.swift */; };
/* End PBXBuildFile section */

/* Begin PBXFileReference section */
		F4CAA58E26BA1B91008C1D4E /* Project11.5-CoreDataProject.app */ = {isa = PBXFileReference; explicitFileType = wrapper.application; includeInIndex = 0; path = "Project11.5-CoreDataProject.app"; sourceTree = BUILT_PRODUCTS_DIR; };
		F4CAA59126BA1B91008C1D4E /* Project11_5_CoreDataProjectApp.swift */ = {isa = PBXFileReference; lastKnownFileType = sourcecode.swift; path = Project11_5_CoreDataProjectApp.swift; sourceTree = "<group>"; };
		F4CAA59326BA1B91008C1D4E /* ContentView.swift */ = {isa = PBXFileReference; lastKnownFileType = sourcecode.swift; path = ContentView.swift; sourceTree = "<group>"; };
		F4CAA59526BA1B93008C1D4E /* Assets.xcassets */ = {isa = PBXFileReference; lastKnownFileType = folder.assetcatalog; path = Assets.xcassets; sourceTree = "<group>"; };
		F4CAA59826BA1B93008C1D4E /* Preview Assets.xcassets */ = {isa = PBXFileReference; lastKnownFileType = folder.assetcatalog; path = "Preview Assets.xcassets"; sourceTree = "<group>"; };
		F4CAA59A26BA1B93008C1D4E /* Persistence.swift */ = {isa = PBXFileReference; lastKnownFileType = sourcecode.swift; path = Persistence.swift; sourceTree = "<group>"; };
		F4CAA59D26BA1B93008C1D4E /* Project11_5_CoreDataProject.xcdatamodel */ = {isa = PBXFileReference; lastKnownFileType = wrapper.xcdatamodel; path = Project11_5_CoreDataProject.xcdatamodel; sourceTree = "<group>"; };
		F4CAA59F26BA1B93008C1D4E /* Info.plist */ = {isa = PBXFileReference; lastKnownFileType = text.plist.xml; path = Info.plist; sourceTree = "<group>"; };
		F4CAA5A526BA1E7C008C1D4E /* Movie+CoreDataClass.swift */ = {isa = PBXFileReference; lastKnownFileType = sourcecode.swift; path = "Movie+CoreDataClass.swift"; sourceTree = "<group>"; };
		F4CAA5A626BA1E7C008C1D4E /* Movie+CoreDataProperties.swift */ = {isa = PBXFileReference; lastKnownFileType = sourcecode.swift; path = "Movie+CoreDataProperties.swift"; sourceTree = "<group>"; };
/* End PBXFileReference section */

/* Begin PBXFrameworksBuildPhase section */
		F4CAA58B26BA1B91008C1D4E /* Frameworks */ = {
			isa = PBXFrameworksBuildPhase;
			buildActionMask = 2147483647;
			files = (
			);
			runOnlyForDeploymentPostprocessing = 0;
		};
/* End PBXFrameworksBuildPhase section */

/* Begin PBXGroup section */
		F4CAA58526BA1B91008C1D4E = {
			isa = PBXGroup;
			children = (
				F4CAA59026BA1B91008C1D4E /* Project11.5-CoreDataProject */,
				F4CAA58F26BA1B91008C1D4E /* Products */,
			);
			sourceTree = "<group>";
		};
		F4CAA58F26BA1B91008C1D4E /* Products */ = {
			isa = PBXGroup;
			children = (
				F4CAA58E26BA1B91008C1D4E /* Project11.5-CoreDataProject.app */,
			);
			name = Products;
			sourceTree = "<group>";
		};
		F4CAA59026BA1B91008C1D4E /* Project11.5-CoreDataProject */ = {
			isa = PBXGroup;
			children = (
				F4CAA5A526BA1E7C008C1D4E /* Movie+CoreDataClass.swift */,
				F4CAA5A626BA1E7C008C1D4E /* Movie+CoreDataProperties.swift */,
				F4CAA59126BA1B91008C1D4E /* Project11_5_CoreDataProjectApp.swift */,
				F4CAA59326BA1B91008C1D4E /* ContentView.swift */,
				F4CAA59526BA1B93008C1D4E /* Assets.xcassets */,
				F4CAA59A26BA1B93008C1D4E /* Persistence.swift */,
				F4CAA59F26BA1B93008C1D4E /* Info.plist */,
				F4CAA59C26BA1B93008C1D4E /* Project11_5_CoreDataProject.xcdatamodeld */,
				F4CAA59726BA1B93008C1D4E /* Preview Content */,
			);
			path = "Project11.5-CoreDataProject";
			sourceTree = "<group>";
		};
		F4CAA59726BA1B93008C1D4E /* Preview Content */ = {
			isa = PBXGroup;
			children = (
				F4CAA59826BA1B93008C1D4E /* Preview Assets.xcassets */,
			);
			path = "Preview Content";
			sourceTree = "<group>";
		};
/* End PBXGroup section */

/* Begin PBXNativeTarget section */
		F4CAA58D26BA1B91008C1D4E /* Project11.5-CoreDataProject */ = {
			isa = PBXNativeTarget;
			buildConfigurationList = F4CAA5A226BA1B93008C1D4E /* Build configuration list for PBXNativeTarget "Project11.5-CoreDataProject" */;
			buildPhases = (
				F4CAA58A26BA1B91008C1D4E /* Sources */,
				F4CAA58B26BA1B91008C1D4E /* Frameworks */,
				F4CAA58C26BA1B91008C1D4E /* Resources */,
			);
			buildRules = (
			);
			dependencies = (
			);
			name = "Project11.5-CoreDataProject";
			productName = "Project11.5-CoreDataProject";
			productReference = F4CAA58E26BA1B91008C1D4E /* Project11.5-CoreDataProject.app */;
			productType = "com.apple.product-type.application";
		};
/* End PBXNativeTarget section */

/* Begin PBXProject section */
		F4CAA58626BA1B91008C1D4E /* Project object */ = {
			isa = PBXProject;
			attributes = {
				LastSwiftUpdateCheck = 1250;
				LastUpgradeCheck = 1250;
				TargetAttributes = {
					F4CAA58D26BA1B91008C1D4E = {
						CreatedOnToolsVersion = 12.5.1;
					};
				};
			};
			buildConfigurationList = F4CAA58926BA1B91008C1D4E /* Build configuration list for PBXProject "Project11.5-CoreDataProject" */;
			compatibilityVersion = "Xcode 9.3";
			developmentRegion = en;
			hasScannedForEncodings = 0;
			knownRegions = (
				en,
				Base,
			);
			mainGroup = F4CAA58526BA1B91008C1D4E;
			productRefGroup = F4CAA58F26BA1B91008C1D4E /* Products */;
			projectDirPath = "";
			projectRoot = "";
			targets = (
				F4CAA58D26BA1B91008C1D4E /* Project11.5-CoreDataProject */,
			);
		};
/* End PBXProject section */

/* Begin PBXResourcesBuildPhase section */
		F4CAA58C26BA1B91008C1D4E /* Resources */ = {
			isa = PBXResourcesBuildPhase;
			buildActionMask = 2147483647;
			files = (
				F4CAA59926BA1B93008C1D4E /* Preview Assets.xcassets in Resources */,
				F4CAA59626BA1B93008C1D4E /* Assets.xcassets in Resources */,
			);
			runOnlyForDeploymentPostprocessing = 0;
		};
/* End PBXResourcesBuildPhase section */

/* Begin PBXSourcesBuildPhase section */
		F4CAA58A26BA1B91008C1D4E /* Sources */ = {
			isa = PBXSourcesBuildPhase;
			buildActionMask = 2147483647;
			files = (
				F4CAA59B26BA1B93008C1D4E /* Persistence.swift in Sources */,
				F4CAA59426BA1B91008C1D4E /* ContentView.swift in Sources */,
				F4CAA59E26BA1B93008C1D4E /* Project11_5_CoreDataProject.xcdatamodeld in Sources */,
				F4CAA5A726BA1E7C008C1D4E /* Movie+CoreDataClass.swift in Sources */,
				F4CAA5A826BA1E7C008C1D4E /* Movie+CoreDataProperties.swift in Sources */,
				F4CAA59226BA1B91008C1D4E /* Project11_5_CoreDataProjectApp.swift in Sources */,
			);
			runOnlyForDeploymentPostprocessing = 0;
		};
/* End PBXSourcesBuildPhase section */

/* Begin XCBuildConfiguration section */
		F4CAA5A026BA1B93008C1D4E /* Debug */ = {
			isa = XCBuildConfiguration;
			buildSettings = {
				ALWAYS_SEARCH_USER_PATHS = NO;
				CLANG_ANALYZER_NONNULL = YES;
				CLANG_ANALYZER_NUMBER_OBJECT_CONVERSION = YES_AGGRESSIVE;
				CLANG_CXX_LANGUAGE_STANDARD = "gnu++14";
				CLANG_CXX_LIBRARY = "libc++";
				CLANG_ENABLE_MODULES = YES;
				CLANG_ENABLE_OBJC_ARC = YES;
				CLANG_ENABLE_OBJC_WEAK = YES;
				CLANG_WARN_BLOCK_CAPTURE_AUTORELEASING = YES;
				CLANG_WARN_BOOL_CONVERSION = YES;
				CLANG_WARN_COMMA = YES;
				CLANG_WARN_CONSTANT_CONVERSION = YES;
				CLANG_WARN_DEPRECATED_OBJC_IMPLEMENTATIONS = YES;
				CLANG_WARN_DIRECT_OBJC_ISA_USAGE = YES_ERROR;
				CLANG_WARN_DOCUMENTATION_COMMENTS = YES;
				CLANG_WARN_EMPTY_BODY = YES;
				CLANG_WARN_ENUM_CONVERSION = YES;
				CLANG_WARN_INFINITE_RECURSION = YES;
				CLANG_WARN_INT_CONVERSION = YES;
				CLANG_WARN_NON_LITERAL_NULL_CONVERSION = YES;
				CLANG_WARN_OBJC_IMPLICIT_RETAIN_SELF = YES;
				CLANG_WARN_OBJC_LITERAL_CONVERSION = YES;
				CLANG_WARN_OBJC_ROOT_CLASS = YES_ERROR;
				CLANG_WARN_QUOTED_INCLUDE_IN_FRAMEWORK_HEADER = YES;
				CLANG_WARN_RANGE_LOOP_ANALYSIS = YES;
				CLANG_WARN_STRICT_PROTOTYPES = YES;
				CLANG_WARN_SUSPICIOUS_MOVE = YES;
				CLANG_WARN_UNGUARDED_AVAILABILITY = YES_AGGRESSIVE;
				CLANG_WARN_UNREACHABLE_CODE = YES;
				CLANG_WARN__DUPLICATE_METHOD_MATCH = YES;
				COPY_PHASE_STRIP = NO;
				DEBUG_INFORMATION_FORMAT = dwarf;
				ENABLE_STRICT_OBJC_MSGSEND = YES;
				ENABLE_TESTABILITY = YES;
				GCC_C_LANGUAGE_STANDARD = gnu11;
				GCC_DYNAMIC_NO_PIC = NO;
				GCC_NO_COMMON_BLOCKS = YES;
				GCC_OPTIMIZATION_LEVEL = 0;
				GCC_PREPROCESSOR_DEFINITIONS = (
					"DEBUG=1",
					"$(inherited)",
				);
				GCC_WARN_64_TO_32_BIT_CONVERSION = YES;
				GCC_WARN_ABOUT_RETURN_TYPE = YES_ERROR;
				GCC_WARN_UNDECLARED_SELECTOR = YES;
				GCC_WARN_UNINITIALIZED_AUTOS = YES_AGGRESSIVE;
				GCC_WARN_UNUSED_FUNCTION = YES;
				GCC_WARN_UNUSED_VARIABLE = YES;
				IPHONEOS_DEPLOYMENT_TARGET = 14.5;
				MTL_ENABLE_DEBUG_INFO = INCLUDE_SOURCE;
				MTL_FAST_MATH = YES;
				ONLY_ACTIVE_ARCH = YES;
				SDKROOT = iphoneos;
				SWIFT_ACTIVE_COMPILATION_CONDITIONS = DEBUG;
				SWIFT_OPTIMIZATION_LEVEL = "-Onone";
			};
			name = Debug;
		};
		F4CAA5A126BA1B93008C1D4E /* Release */ = {
			isa = XCBuildConfiguration;
			buildSettings = {
				ALWAYS_SEARCH_USER_PATHS = NO;
				CLANG_ANALYZER_NONNULL = YES;
				CLANG_ANALYZER_NUMBER_OBJECT_CONVERSION = YES_AGGRESSIVE;
				CLANG_CXX_LANGUAGE_STANDARD = "gnu++14";
				CLANG_CXX_LIBRARY = "libc++";
				CLANG_ENABLE_MODULES = YES;
				CLANG_ENABLE_OBJC_ARC = YES;
				CLANG_ENABLE_OBJC_WEAK = YES;
				CLANG_WARN_BLOCK_CAPTURE_AUTORELEASING = YES;
				CLANG_WARN_BOOL_CONVERSION = YES;
				CLANG_WARN_COMMA = YES;
				CLANG_WARN_CONSTANT_CONVERSION = YES;
				CLANG_WARN_DEPRECATED_OBJC_IMPLEMENTATIONS = YES;
				CLANG_WARN_DIRECT_OBJC_ISA_USAGE = YES_ERROR;
				CLANG_WARN_DOCUMENTATION_COMMENTS = YES;
				CLANG_WARN_EMPTY_BODY = YES;
				CLANG_WARN_ENUM_CONVERSION = YES;
				CLANG_WARN_INFINITE_RECURSION = YES;
				CLANG_WARN_INT_CONVERSION = YES;
				CLANG_WARN_NON_LITERAL_NULL_CONVERSION = YES;
				CLANG_WARN_OBJC_IMPLICIT_RETAIN_SELF = YES;
				CLANG_WARN_OBJC_LITERAL_CONVERSION = YES;
				CLANG_WARN_OBJC_ROOT_CLASS = YES_ERROR;
				CLANG_WARN_QUOTED_INCLUDE_IN_FRAMEWORK_HEADER = YES;
				CLANG_WARN_RANGE_LOOP_ANALYSIS = YES;
				CLANG_WARN_STRICT_PROTOTYPES = YES;
				CLANG_WARN_SUSPICIOUS_MOVE = YES;
				CLANG_WARN_UNGUARDED_AVAILABILITY = YES_AGGRESSIVE;
				CLANG_WARN_UNREACHABLE_CODE = YES;
				CLANG_WARN__DUPLICATE_METHOD_MATCH = YES;
				COPY_PHASE_STRIP = NO;
				DEBUG_INFORMATION_FORMAT = "dwarf-with-dsym";
				ENABLE_NS_ASSERTIONS = NO;
				ENABLE_STRICT_OBJC_MSGSEND = YES;
				GCC_C_LANGUAGE_STANDARD = gnu11;
				GCC_NO_COMMON_BLOCKS = YES;
				GCC_WARN_64_TO_32_BIT_CONVERSION = YES;
				GCC_WARN_ABOUT_RETURN_TYPE = YES_ERROR;
				GCC_WARN_UNDECLARED_SELECTOR = YES;
				GCC_WARN_UNINITIALIZED_AUTOS = YES_AGGRESSIVE;
				GCC_WARN_UNUSED_FUNCTION = YES;
				GCC_WARN_UNUSED_VARIABLE = YES;
				IPHONEOS_DEPLOYMENT_TARGET = 14.5;
				MTL_ENABLE_DEBUG_INFO = NO;
				MTL_FAST_MATH = YES;
				SDKROOT = iphoneos;
				SWIFT_COMPILATION_MODE = wholemodule;
				SWIFT_OPTIMIZATION_LEVEL = "-O";
				VALIDATE_PRODUCT = YES;
			};
			name = Release;
		};
		F4CAA5A326BA1B93008C1D4E /* Debug */ = {
			isa = XCBuildConfiguration;
			buildSettings = {
				ASSETCATALOG_COMPILER_APPICON_NAME = AppIcon;
				ASSETCATALOG_COMPILER_GLOBAL_ACCENT_COLOR_NAME = AccentColor;
				CODE_SIGN_STYLE = Automatic;
				DEVELOPMENT_ASSET_PATHS = "\"Project11.5-CoreDataProject/Preview Content\"";
				DEVELOPMENT_TEAM = DJAHJZFYK7;
				ENABLE_PREVIEWS = YES;
				INFOPLIST_FILE = "Project11.5-CoreDataProject/Info.plist";
				IPHONEOS_DEPLOYMENT_TARGET = 14.0;
				LD_RUNPATH_SEARCH_PATHS = (
					"$(inherited)",
					"@executable_path/Frameworks",
				);
				PRODUCT_BUNDLE_IDENTIFIER = "com.ryantoken.Project11-5-CoreDataProject";
				PRODUCT_NAME = "$(TARGET_NAME)";
				SWIFT_VERSION = 5.0;
				TARGETED_DEVICE_FAMILY = "1,2";
			};
			name = Debug;
		};
		F4CAA5A426BA1B93008C1D4E /* Release */ = {
			isa = XCBuildConfiguration;
			buildSettings = {
				ASSETCATALOG_COMPILER_APPICON_NAME = AppIcon;
				ASSETCATALOG_COMPILER_GLOBAL_ACCENT_COLOR_NAME = AccentColor;
				CODE_SIGN_STYLE = Automatic;
				DEVELOPMENT_ASSET_PATHS = "\"Project11.5-CoreDataProject/Preview Content\"";
				DEVELOPMENT_TEAM = DJAHJZFYK7;
				ENABLE_PREVIEWS = YES;
				INFOPLIST_FILE = "Project11.5-CoreDataProject/Info.plist";
				IPHONEOS_DEPLOYMENT_TARGET = 14.0;
				LD_RUNPATH_SEARCH_PATHS = (
					"$(inherited)",
					"@executable_path/Frameworks",
				);
				PRODUCT_BUNDLE_IDENTIFIER = "com.ryantoken.Project11-5-CoreDataProject";
				PRODUCT_NAME = "$(TARGET_NAME)";
				SWIFT_VERSION = 5.0;
				TARGETED_DEVICE_FAMILY = "1,2";
			};
			name = Release;
		};
/* End XCBuildConfiguration section */

/* Begin XCConfigurationList section */
		F4CAA58926BA1B91008C1D4E /* Build configuration list for PBXProject "Project11.5-CoreDataProject" */ = {
			isa = XCConfigurationList;
			buildConfigurations = (
				F4CAA5A026BA1B93008C1D4E /* Debug */,
				F4CAA5A126BA1B93008C1D4E /* Release */,
			);
			defaultConfigurationIsVisible = 0;
			defaultConfigurationName = Release;
		};
		F4CAA5A226BA1B93008C1D4E /* Build configuration list for PBXNativeTarget "Project11.5-CoreDataProject" */ = {
			isa = XCConfigurationList;
			buildConfigurations = (
				F4CAA5A326BA1B93008C1D4E /* Debug */,
				F4CAA5A426BA1B93008C1D4E /* Release */,
			);
			defaultConfigurationIsVisible = 0;
			defaultConfigurationName = Release;
		};
/* End XCConfigurationList section */

/* Begin XCVersionGroup section */
		F4CAA59C26BA1B93008C1D4E /* Project11_5_CoreDataProject.xcdatamodeld */ = {
			isa = XCVersionGroup;
			children = (
				F4CAA59D26BA1B93008C1D4E /* Project11_5_CoreDataProject.xcdatamodel */,
			);
			currentVersion = F4CAA59D26BA1B93008C1D4E /* Project11_5_CoreDataProject.xcdatamodel */;
			path = Project11_5_CoreDataProject.xcdatamodeld;
			sourceTree = "<group>";
			versionGroupType = wrapper.xcdatamodel;
		};
/* End XCVersionGroup section */
	};
	rootObject = F4CAA58626BA1B91008C1D4E /* Project object */;
}
