// !$*UTF8*$!
{
	archiveVersion = 1;
	classes = {
	};
	objectVersion = 55;
	objects = {

/* Begin PBXBuildFile section */
		F409F09D26BEF46500913748 /* Project12_5_FriendFaceApp.swift in Sources */ = {isa = PBXBuildFile; fileRef = F409F09C26BEF46500913748 /* Project12_5_FriendFaceApp.swift */; };
		F409F09F26BEF46500913748 /* ContentView.swift in Sources */ = {isa = PBXBuildFile; fileRef = F409F09E26BEF46500913748 /* ContentView.swift */; };
		F409F0A126BEF46600913748 /* Assets.xcassets in Resources */ = {isa = PBXBuildFile; fileRef = F409F0A026BEF46600913748 /* Assets.xcassets */; };
		F409F0A426BEF46600913748 /* Preview Assets.xcassets in Resources */ = {isa = PBXBuildFile; fileRef = F409F0A326BEF46600913748 /* Preview Assets.xcassets */; };
		F409F0B126BEFCAB00913748 /* UserView.swift in Sources */ = {isa = PBXBuildFile; fileRef = F409F0B026BEFCAB00913748 /* UserView.swift */; };
		F4763D0426BF8866002C0239 /* User+CoreDataClass.swift in Sources */ = {isa = PBXBuildFile; fileRef = F4763D0026BF8866002C0239 /* User+CoreDataClass.swift */; };
		F4763D0526BF8866002C0239 /* User+CoreDataProperties.swift in Sources */ = {isa = PBXBuildFile; fileRef = F4763D0126BF8866002C0239 /* User+CoreDataProperties.swift */; };
		F4763D0626BF8866002C0239 /* Friend+CoreDataClass.swift in Sources */ = {isa = PBXBuildFile; fileRef = F4763D0226BF8866002C0239 /* Friend+CoreDataClass.swift */; };
		F4763D0726BF8866002C0239 /* Friend+CoreDataProperties.swift in Sources */ = {isa = PBXBuildFile; fileRef = F4763D0326BF8866002C0239 /* Friend+CoreDataProperties.swift */; };
		F48E042826BF834100C9DD88 /* Persistence.swift in Sources */ = {isa = PBXBuildFile; fileRef = F48E042726BF834100C9DD88 /* Persistence.swift */; };
		F48E042B26BF845800C9DD88 /* Project12_5_FriendFace.xcdatamodeld in Sources */ = {isa = PBXBuildFile; fileRef = F48E042926BF845800C9DD88 /* Project12_5_FriendFace.xcdatamodeld */; };
/* End PBXBuildFile section */

/* Begin PBXFileReference section */
		F409F09926BEF46500913748 /* Project12.5-FriendFace.app */ = {isa = PBXFileReference; explicitFileType = wrapper.application; includeInIndex = 0; path = "Project12.5-FriendFace.app"; sourceTree = BUILT_PRODUCTS_DIR; };
		F409F09C26BEF46500913748 /* Project12_5_FriendFaceApp.swift */ = {isa = PBXFileReference; lastKnownFileType = sourcecode.swift; path = Project12_5_FriendFaceApp.swift; sourceTree = "<group>"; };
		F409F09E26BEF46500913748 /* ContentView.swift */ = {isa = PBXFileReference; lastKnownFileType = sourcecode.swift; path = ContentView.swift; sourceTree = "<group>"; };
		F409F0A026BEF46600913748 /* Assets.xcassets */ = {isa = PBXFileReference; lastKnownFileType = folder.assetcatalog; path = Assets.xcassets; sourceTree = "<group>"; };
		F409F0A326BEF46600913748 /* Preview Assets.xcassets */ = {isa = PBXFileReference; lastKnownFileType = folder.assetcatalog; path = "Preview Assets.xcassets"; sourceTree = "<group>"; };
		F409F0B026BEFCAB00913748 /* UserView.swift */ = {isa = PBXFileReference; lastKnownFileType = sourcecode.swift; path = UserView.swift; sourceTree = "<group>"; };
		F4763D0026BF8866002C0239 /* User+CoreDataClass.swift */ = {isa = PBXFileReference; lastKnownFileType = sourcecode.swift; path = "User+CoreDataClass.swift"; sourceTree = "<group>"; };
		F4763D0126BF8866002C0239 /* User+CoreDataProperties.swift */ = {isa = PBXFileReference; lastKnownFileType = sourcecode.swift; path = "User+CoreDataProperties.swift"; sourceTree = "<group>"; };
		F4763D0226BF8866002C0239 /* Friend+CoreDataClass.swift */ = {isa = PBXFileReference; lastKnownFileType = sourcecode.swift; path = "Friend+CoreDataClass.swift"; sourceTree = "<group>"; };
		F4763D0326BF8866002C0239 /* Friend+CoreDataProperties.swift */ = {isa = PBXFileReference; lastKnownFileType = sourcecode.swift; path = "Friend+CoreDataProperties.swift"; sourceTree = "<group>"; };
		F48E042726BF834100C9DD88 /* Persistence.swift */ = {isa = PBXFileReference; lastKnownFileType = sourcecode.swift; path = Persistence.swift; sourceTree = "<group>"; };
		F48E042A26BF845800C9DD88 /* Project12_5_FriendFace.xcdatamodel */ = {isa = PBXFileReference; lastKnownFileType = wrapper.xcdatamodel; path = Project12_5_FriendFace.xcdatamodel; sourceTree = "<group>"; };
/* End PBXFileReference section */

/* Begin PBXFrameworksBuildPhase section */
		F409F09626BEF46500913748 /* Frameworks */ = {
			isa = PBXFrameworksBuildPhase;
			buildActionMask = 2147483647;
			files = (
			);
			runOnlyForDeploymentPostprocessing = 0;
		};
/* End PBXFrameworksBuildPhase section */

/* Begin PBXGroup section */
		F409F09026BEF46500913748 = {
			isa = PBXGroup;
			children = (
				F409F09B26BEF46500913748 /* Project12.5-FriendFace */,
				F409F09A26BEF46500913748 /* Products */,
			);
			sourceTree = "<group>";
		};
		F409F09A26BEF46500913748 /* Products */ = {
			isa = PBXGroup;
			children = (
				F409F09926BEF46500913748 /* Project12.5-FriendFace.app */,
			);
			name = Products;
			sourceTree = "<group>";
		};
		F409F09B26BEF46500913748 /* Project12.5-FriendFace */ = {
			isa = PBXGroup;
			children = (
				F4763D0026BF8866002C0239 /* User+CoreDataClass.swift */,
				F4763D0126BF8866002C0239 /* User+CoreDataProperties.swift */,
				F4763D0226BF8866002C0239 /* Friend+CoreDataClass.swift */,
				F4763D0326BF8866002C0239 /* Friend+CoreDataProperties.swift */,
				F409F09C26BEF46500913748 /* Project12_5_FriendFaceApp.swift */,
				F409F09E26BEF46500913748 /* ContentView.swift */,
				F409F0B026BEFCAB00913748 /* UserView.swift */,
				F48E042926BF845800C9DD88 /* Project12_5_FriendFace.xcdatamodeld */,
				F48E042726BF834100C9DD88 /* Persistence.swift */,
				F409F0A026BEF46600913748 /* Assets.xcassets */,
				F409F0A226BEF46600913748 /* Preview Content */,
			);
			path = "Project12.5-FriendFace";
			sourceTree = "<group>";
		};
		F409F0A226BEF46600913748 /* Preview Content */ = {
			isa = PBXGroup;
			children = (
				F409F0A326BEF46600913748 /* Preview Assets.xcassets */,
			);
			path = "Preview Content";
			sourceTree = "<group>";
		};
/* End PBXGroup section */

/* Begin PBXNativeTarget section */
		F409F09826BEF46500913748 /* Project12.5-FriendFace */ = {
			isa = PBXNativeTarget;
			buildConfigurationList = F409F0A726BEF46600913748 /* Build configuration list for PBXNativeTarget "Project12.5-FriendFace" */;
			buildPhases = (
				F409F09526BEF46500913748 /* Sources */,
				F409F09626BEF46500913748 /* Frameworks */,
				F409F09726BEF46500913748 /* Resources */,
			);
			buildRules = (
			);
			dependencies = (
			);
			name = "Project12.5-FriendFace";
			productName = "Project12.5-FriendFace";
			productReference = F409F09926BEF46500913748 /* Project12.5-FriendFace.app */;
			productType = "com.apple.product-type.application";
		};
/* End PBXNativeTarget section */

/* Begin PBXProject section */
		F409F09126BEF46500913748 /* Project object */ = {
			isa = PBXProject;
			attributes = {
				BuildIndependentTargetsInParallel = 1;
				LastSwiftUpdateCheck = 1300;
				LastUpgradeCheck = 1300;
				TargetAttributes = {
					F409F09826BEF46500913748 = {
						CreatedOnToolsVersion = 13.0;
					};
				};
			};
			buildConfigurationList = F409F09426BEF46500913748 /* Build configuration list for PBXProject "Project12.5-FriendFace" */;
			compatibilityVersion = "Xcode 13.0";
			developmentRegion = en;
			hasScannedForEncodings = 0;
			knownRegions = (
				en,
				Base,
			);
			mainGroup = F409F09026BEF46500913748;
			productRefGroup = F409F09A26BEF46500913748 /* Products */;
			projectDirPath = "";
			projectRoot = "";
			targets = (
				F409F09826BEF46500913748 /* Project12.5-FriendFace */,
			);
		};
/* End PBXProject section */

/* Begin PBXResourcesBuildPhase section */
		F409F09726BEF46500913748 /* Resources */ = {
			isa = PBXResourcesBuildPhase;
			buildActionMask = 2147483647;
			files = (
				F409F0A426BEF46600913748 /* Preview Assets.xcassets in Resources */,
				F409F0A126BEF46600913748 /* Assets.xcassets in Resources */,
			);
			runOnlyForDeploymentPostprocessing = 0;
		};
/* End PBXResourcesBuildPhase section */

/* Begin PBXSourcesBuildPhase section */
		F409F09526BEF46500913748 /* Sources */ = {
			isa = PBXSourcesBuildPhase;
			buildActionMask = 2147483647;
			files = (
				F409F09F26BEF46500913748 /* ContentView.swift in Sources */,
				F4763D0626BF8866002C0239 /* Friend+CoreDataClass.swift in Sources */,
				F4763D0726BF8866002C0239 /* Friend+CoreDataProperties.swift in Sources */,
				F409F09D26BEF46500913748 /* Project12_5_FriendFaceApp.swift in Sources */,
				F4763D0426BF8866002C0239 /* User+CoreDataClass.swift in Sources */,
				F4763D0526BF8866002C0239 /* User+CoreDataProperties.swift in Sources */,
				F409F0B126BEFCAB00913748 /* UserView.swift in Sources */,
				F48E042826BF834100C9DD88 /* Persistence.swift in Sources */,
				F48E042B26BF845800C9DD88 /* Project12_5_FriendFace.xcdatamodeld in Sources */,
			);
			runOnlyForDeploymentPostprocessing = 0;
		};
/* End PBXSourcesBuildPhase section */

/* Begin XCBuildConfiguration section */
		F409F0A526BEF46600913748 /* Debug */ = {
			isa = XCBuildConfiguration;
			buildSettings = {
				ALWAYS_SEARCH_USER_PATHS = NO;
				CLANG_ANALYZER_NONNULL = YES;
				CLANG_ANALYZER_NUMBER_OBJECT_CONVERSION = YES_AGGRESSIVE;
				CLANG_CXX_LANGUAGE_STANDARD = "gnu++17";
				CLANG_CXX_LIBRARY = "libc++";
				CLANG_ENABLE_MODULES = YES;
				CLANG_ENABLE_OBJC_ARC = YES;
				CLANG_ENABLE_OBJC_WEAK = YES;
				CLANG_WARN_BLOCK_CAPTURE_AUTORELEASING = YES;
				CLANG_WARN_BOOL_CONVERSION = YES;
				CLANG_WARN_COMMA = YES;
				CLANG_WARN_CONSTANT_CONVERSION = YES;
				CLANG_WARN_DEPRECATED_OBJC_IMPLEMENTATIONS = YES;
				CLANG_WARN_DIRECT_OBJC_ISA_USAGE = YES_ERROR;
				CLANG_WARN_DOCUMENTATION_COMMENTS = YES;
				CLANG_WARN_EMPTY_BODY = YES;
				CLANG_WARN_ENUM_CONVERSION = YES;
				CLANG_WARN_INFINITE_RECURSION = YES;
				CLANG_WARN_INT_CONVERSION = YES;
				CLANG_WARN_NON_LITERAL_NULL_CONVERSION = YES;
				CLANG_WARN_OBJC_IMPLICIT_RETAIN_SELF = YES;
				CLANG_WARN_OBJC_LITERAL_CONVERSION = YES;
				CLANG_WARN_OBJC_ROOT_CLASS = YES_ERROR;
				CLANG_WARN_QUOTED_INCLUDE_IN_FRAMEWORK_HEADER = YES;
				CLANG_WARN_RANGE_LOOP_ANALYSIS = YES;
				CLANG_WARN_STRICT_PROTOTYPES = YES;
				CLANG_WARN_SUSPICIOUS_MOVE = YES;
				CLANG_WARN_UNGUARDED_AVAILABILITY = YES_AGGRESSIVE;
				CLANG_WARN_UNREACHABLE_CODE = YES;
				CLANG_WARN__DUPLICATE_METHOD_MATCH = YES;
				COPY_PHASE_STRIP = NO;
				DEBUG_INFORMATION_FORMAT = dwarf;
				ENABLE_STRICT_OBJC_MSGSEND = YES;
				ENABLE_TESTABILITY = YES;
				GCC_C_LANGUAGE_STANDARD = gnu11;
				GCC_DYNAMIC_NO_PIC = NO;
				GCC_NO_COMMON_BLOCKS = YES;
				GCC_OPTIMIZATION_LEVEL = 0;
				GCC_PREPROCESSOR_DEFINITIONS = (
					"DEBUG=1",
					"$(inherited)",
				);
				GCC_WARN_64_TO_32_BIT_CONVERSION = YES;
				GCC_WARN_ABOUT_RETURN_TYPE = YES_ERROR;
				GCC_WARN_UNDECLARED_SELECTOR = YES;
				GCC_WARN_UNINITIALIZED_AUTOS = YES_AGGRESSIVE;
				GCC_WARN_UNUSED_FUNCTION = YES;
				GCC_WARN_UNUSED_VARIABLE = YES;
				IPHONEOS_DEPLOYMENT_TARGET = 15.0;
				MTL_ENABLE_DEBUG_INFO = INCLUDE_SOURCE;
				MTL_FAST_MATH = YES;
				ONLY_ACTIVE_ARCH = YES;
				SDKROOT = iphoneos;
				SWIFT_ACTIVE_COMPILATION_CONDITIONS = DEBUG;
				SWIFT_OPTIMIZATION_LEVEL = "-Onone";
			};
			name = Debug;
		};
		F409F0A626BEF46600913748 /* Release */ = {
			isa = XCBuildConfiguration;
			buildSettings = {
				ALWAYS_SEARCH_USER_PATHS = NO;
				CLANG_ANALYZER_NONNULL = YES;
				CLANG_ANALYZER_NUMBER_OBJECT_CONVERSION = YES_AGGRESSIVE;
				CLANG_CXX_LANGUAGE_STANDARD = "gnu++17";
				CLANG_CXX_LIBRARY = "libc++";
				CLANG_ENABLE_MODULES = YES;
				CLANG_ENABLE_OBJC_ARC = YES;
				CLANG_ENABLE_OBJC_WEAK = YES;
				CLANG_WARN_BLOCK_CAPTURE_AUTORELEASING = YES;
				CLANG_WARN_BOOL_CONVERSION = YES;
				CLANG_WARN_COMMA = YES;
				CLANG_WARN_CONSTANT_CONVERSION = YES;
				CLANG_WARN_DEPRECATED_OBJC_IMPLEMENTATIONS = YES;
				CLANG_WARN_DIRECT_OBJC_ISA_USAGE = YES_ERROR;
				CLANG_WARN_DOCUMENTATION_COMMENTS = YES;
				CLANG_WARN_EMPTY_BODY = YES;
				CLANG_WARN_ENUM_CONVERSION = YES;
				CLANG_WARN_INFINITE_RECURSION = YES;
				CLANG_WARN_INT_CONVERSION = YES;
				CLANG_WARN_NON_LITERAL_NULL_CONVERSION = YES;
				CLANG_WARN_OBJC_IMPLICIT_RETAIN_SELF = YES;
				CLANG_WARN_OBJC_LITERAL_CONVERSION = YES;
				CLANG_WARN_OBJC_ROOT_CLASS = YES_ERROR;
				CLANG_WARN_QUOTED_INCLUDE_IN_FRAMEWORK_HEADER = YES;
				CLANG_WARN_RANGE_LOOP_ANALYSIS = YES;
				CLANG_WARN_STRICT_PROTOTYPES = YES;
				CLANG_WARN_SUSPICIOUS_MOVE = YES;
				CLANG_WARN_UNGUARDED_AVAILABILITY = YES_AGGRESSIVE;
				CLANG_WARN_UNREACHABLE_CODE = YES;
				CLANG_WARN__DUPLICATE_METHOD_MATCH = YES;
				COPY_PHASE_STRIP = NO;
				DEBUG_INFORMATION_FORMAT = "dwarf-with-dsym";
				ENABLE_NS_ASSERTIONS = NO;
				ENABLE_STRICT_OBJC_MSGSEND = YES;
				GCC_C_LANGUAGE_STANDARD = gnu11;
				GCC_NO_COMMON_BLOCKS = YES;
				GCC_WARN_64_TO_32_BIT_CONVERSION = YES;
				GCC_WARN_ABOUT_RETURN_TYPE = YES_ERROR;
				GCC_WARN_UNDECLARED_SELECTOR = YES;
				GCC_WARN_UNINITIALIZED_AUTOS = YES_AGGRESSIVE;
				GCC_WARN_UNUSED_FUNCTION = YES;
				GCC_WARN_UNUSED_VARIABLE = YES;
				IPHONEOS_DEPLOYMENT_TARGET = 15.0;
				MTL_ENABLE_DEBUG_INFO = NO;
				MTL_FAST_MATH = YES;
				SDKROOT = iphoneos;
				SWIFT_COMPILATION_MODE = wholemodule;
				SWIFT_OPTIMIZATION_LEVEL = "-O";
				VALIDATE_PRODUCT = YES;
			};
			name = Release;
		};
		F409F0A826BEF46600913748 /* Debug */ = {
			isa = XCBuildConfiguration;
			buildSettings = {
				ASSETCATALOG_COMPILER_APPICON_NAME = AppIcon;
				ASSETCATALOG_COMPILER_GLOBAL_ACCENT_COLOR_NAME = AccentColor;
				CODE_SIGN_STYLE = Automatic;
				CURRENT_PROJECT_VERSION = 1;
				DEVELOPMENT_ASSET_PATHS = "\"Project12.5-FriendFace/Preview Content\"";
				DEVELOPMENT_TEAM = DJAHJZFYK7;
				ENABLE_PREVIEWS = YES;
				GENERATE_INFOPLIST_FILE = YES;
				INFOPLIST_KEY_UIApplicationSceneManifest_Generation = YES;
				INFOPLIST_KEY_UIApplicationSupportsIndirectInputEvents = YES;
				INFOPLIST_KEY_UILaunchScreen_Generation = YES;
				INFOPLIST_KEY_UISupportedInterfaceOrientations_iPad = "UIInterfaceOrientationPortrait UIInterfaceOrientationPortraitUpsideDown UIInterfaceOrientationLandscapeLeft UIInterfaceOrientationLandscapeRight";
				INFOPLIST_KEY_UISupportedInterfaceOrientations_iPhone = "UIInterfaceOrientationPortrait UIInterfaceOrientationLandscapeLeft UIInterfaceOrientationLandscapeRight";
				IPHONEOS_DEPLOYMENT_TARGET = 15.0;
				LD_RUNPATH_SEARCH_PATHS = (
					"$(inherited)",
					"@executable_path/Frameworks",
				);
				MARKETING_VERSION = 1.0;
				PRODUCT_BUNDLE_IDENTIFIER = "com.ryantoken.Project12-5-FriendFace";
				PRODUCT_NAME = "$(TARGET_NAME)";
				SWIFT_EMIT_LOC_STRINGS = YES;
				SWIFT_VERSION = 5.0;
				TARGETED_DEVICE_FAMILY = "1,2";
			};
			name = Debug;
		};
		F409F0A926BEF46600913748 /* Release */ = {
			isa = XCBuildConfiguration;
			buildSettings = {
				ASSETCATALOG_COMPILER_APPICON_NAME = AppIcon;
				ASSETCATALOG_COMPILER_GLOBAL_ACCENT_COLOR_NAME = AccentColor;
				CODE_SIGN_STYLE = Automatic;
				CURRENT_PROJECT_VERSION = 1;
				DEVELOPMENT_ASSET_PATHS = "\"Project12.5-FriendFace/Preview Content\"";
				DEVELOPMENT_TEAM = DJAHJZFYK7;
				ENABLE_PREVIEWS = YES;
				GENERATE_INFOPLIST_FILE = YES;
				INFOPLIST_KEY_UIApplicationSceneManifest_Generation = YES;
				INFOPLIST_KEY_UIApplicationSupportsIndirectInputEvents = YES;
				INFOPLIST_KEY_UILaunchScreen_Generation = YES;
				INFOPLIST_KEY_UISupportedInterfaceOrientations_iPad = "UIInterfaceOrientationPortrait UIInterfaceOrientationPortraitUpsideDown UIInterfaceOrientationLandscapeLeft UIInterfaceOrientationLandscapeRight";
				INFOPLIST_KEY_UISupportedInterfaceOrientations_iPhone = "UIInterfaceOrientationPortrait UIInterfaceOrientationLandscapeLeft UIInterfaceOrientationLandscapeRight";
				IPHONEOS_DEPLOYMENT_TARGET = 15.0;
				LD_RUNPATH_SEARCH_PATHS = (
					"$(inherited)",
					"@executable_path/Frameworks",
				);
				MARKETING_VERSION = 1.0;
				PRODUCT_BUNDLE_IDENTIFIER = "com.ryantoken.Project12-5-FriendFace";
				PRODUCT_NAME = "$(TARGET_NAME)";
				SWIFT_EMIT_LOC_STRINGS = YES;
				SWIFT_VERSION = 5.0;
				TARGETED_DEVICE_FAMILY = "1,2";
			};
			name = Release;
		};
/* End XCBuildConfiguration section */

/* Begin XCConfigurationList section */
		F409F09426BEF46500913748 /* Build configuration list for PBXProject "Project12.5-FriendFace" */ = {
			isa = XCConfigurationList;
			buildConfigurations = (
				F409F0A526BEF46600913748 /* Debug */,
				F409F0A626BEF46600913748 /* Release */,
			);
			defaultConfigurationIsVisible = 0;
			defaultConfigurationName = Release;
		};
		F409F0A726BEF46600913748 /* Build configuration list for PBXNativeTarget "Project12.5-FriendFace" */ = {
			isa = XCConfigurationList;
			buildConfigurations = (
				F409F0A826BEF46600913748 /* Debug */,
				F409F0A926BEF46600913748 /* Release */,
			);
			defaultConfigurationIsVisible = 0;
			defaultConfigurationName = Release;
		};
/* End XCConfigurationList section */

/* Begin XCVersionGroup section */
		F48E042926BF845800C9DD88 /* Project12_5_FriendFace.xcdatamodeld */ = {
			isa = XCVersionGroup;
			children = (
				F48E042A26BF845800C9DD88 /* Project12_5_FriendFace.xcdatamodel */,
			);
			currentVersion = F48E042A26BF845800C9DD88 /* Project12_5_FriendFace.xcdatamodel */;
			path = Project12_5_FriendFace.xcdatamodeld;
			sourceTree = "<group>";
			versionGroupType = wrapper.xcdatamodel;
		};
/* End XCVersionGroup section */
	};
	rootObject = F409F09126BEF46500913748 /* Project object */;
}
